
Microsoft Visual Studio Solution File, Format Version 12.00
# Visual Studio Version 17
VisualStudioVersion = 17.3.32922.545
MinimumVisualStudioVersion = 10.0.40219.1
Project("{2150E333-8FDC-42A3-9474-1A3956D46DE8}") = "examples", "examples", "{7BC6576E-5066-4533-8988-F81E9B913044}"
EndProject
Project("{2150E333-8FDC-42A3-9474-1A3956D46DE8}") = "src", "src", "{54FCF0DF-26A8-4D09-8B37-D2EBF7C148F7}"
EndProject
Project("{2150E333-8FDC-42A3-9474-1A3956D46DE8}") = "test", "test", "{939BB6B9-4D52-4E72-A2B3-A94CDD8CAB76}"
EndProject
Project("{2150E333-8FDC-42A3-9474-1A3956D46DE8}") = "resources", "resources", "{C0A1CB87-B9D7-450A-9CC9-48E7BD02CF2F}"
EndProject
Project("{2150E333-8FDC-42A3-9474-1A3956D46DE8}") = "docs", "docs", "{850F9646-E5D2-4835-B09B-C9756E51F1CC}"
EndProject
Project("{2150E333-8FDC-42A3-9474-1A3956D46DE8}") = "shared", "shared", "{96BFB6B8-F293-4508-8468-19758AA377C0}"
EndProject
Project("{2150E333-8FDC-42A3-9474-1A3956D46DE8}") = "maui", "maui", "{77E4A60C-9FA6-4002-B437-780A2704EC4E}"
EndProject
Project("{2150E333-8FDC-42A3-9474-1A3956D46DE8}") = "blazor", "blazor", "{7A048EA6-D0C0-4A71-8D95-294B8862219C}"
EndProject
Project("{2150E333-8FDC-42A3-9474-1A3956D46DE8}") = "blazor", "blazor", "{F04F8722-B23D-4EFA-ACAE-DB20859B4732}"
EndProject
Project("{2150E333-8FDC-42A3-9474-1A3956D46DE8}") = "maui", "maui", "{7D1907BD-7FF3-469C-B6EA-730351AE28CB}"
EndProject
Project("{9A19103F-16F7-4668-BE54-9A1E7A4F7556}") = "Usul.Examples.Blazor.Wasm.Server", "examples\blazor\Usul.Examples.Blazor.Wasm\Server\Usul.Examples.Blazor.Wasm.Server.csproj", "{AFF32283-E40B-4521-B784-ADDD2D879A93}"
EndProject
Project("{9A19103F-16F7-4668-BE54-9A1E7A4F7556}") = "Usul.Examples.Blazor.Wasm.Client", "examples\blazor\Usul.Examples.Blazor.Wasm\Client\Usul.Examples.Blazor.Wasm.Client.csproj", "{8C956B3F-11D1-43B1-A155-E59F4EAF954C}"
EndProject
Project("{9A19103F-16F7-4668-BE54-9A1E7A4F7556}") = "Usul.Examples.Blazor.Wasm.Shared", "examples\blazor\Usul.Examples.Blazor.Wasm\Shared\Usul.Examples.Blazor.Wasm.Shared.csproj", "{25E4FE9F-9584-48D3-B15D-994B02DF281A}"
EndProject
Project("{9A19103F-16F7-4668-BE54-9A1E7A4F7556}") = "Usul", "src\shared\Usul\Usul.csproj", "{42BD1B2A-015A-4BAF-AAD6-139D0E33FA0F}"
EndProject
Project("{9A19103F-16F7-4668-BE54-9A1E7A4F7556}") = "Usul.Examples.MAUI.Hybrid", "examples\maui\Usul.Examples.MAUI.Hybrid\Usul.Examples.MAUI.Hybrid.csproj", "{B7E24A73-7625-4AAE-95CD-02EA7605DA4A}"
EndProject
Project("{2150E333-8FDC-42A3-9474-1A3956D46DE8}") = "providers", "providers", "{4E1F80FF-7290-49C3-B5B8-F64013D0B37C}"
EndProject
Project("{9A19103F-16F7-4668-BE54-9A1E7A4F7556}") = "Usul.Providers", "src\shared\Providers\Usul.Providers\Usul.Providers.csproj", "{260F5250-E851-4D26-A725-41B19D89C225}"
EndProject
Project("{9A19103F-16F7-4668-BE54-9A1E7A4F7556}") = "Usul.Blazor", "src\blazor\Usul.Blazor\Usul.Blazor.csproj", "{5B96F517-857F-4489-A1E7-32C0A23EAE6A}"
EndProject
Project("{9A19103F-16F7-4668-BE54-9A1E7A4F7556}") = "Usul.DependencyInjection", "src\shared\Usul.DependencyInjection\Usul.DependencyInjection.csproj", "{F6442EF7-2F87-4004-B7AE-11ED69709E9B}"
EndProject
Project("{2150E333-8FDC-42A3-9474-1A3956D46DE8}") = "printing", "printing", "{64680832-6E01-4058-8772-7F8556A9CAFB}"
EndProject
Project("{2150E333-8FDC-42A3-9474-1A3956D46DE8}") = "SerialPort", "SerialPort", "{3D0D3601-C0A4-4821-9707-E12C8E9BAD9C}"
EndProject
Project("{9A19103F-16F7-4668-BE54-9A1E7A4F7556}") = "Usul.Providers.SerialPort", "src\shared\Providers\SerialPort\Usul.Providers.SerialPort\Usul.Providers.SerialPort.csproj", "{EF635129-DECE-4C0F-822A-64CAFA0BC910}"
EndProject
Project("{FAE04EC0-301F-11D3-BF4B-00C04F79EFBC}") = "Usul.Providers.SerialPort.Maui", "src\shared\Providers\SerialPort\Usul.Providers.SerialPort.Maui\Usul.Providers.SerialPort.Maui.csproj", "{FB2408CF-5CD6-4EB2-B848-55C469BAA962}"
EndProject
Project("{9A19103F-16F7-4668-BE54-9A1E7A4F7556}") = "Usul.Providers.SerialPort.Default", "src\shared\Providers\SerialPort\Usul.Providers.SerialPort.Default\Usul.Providers.SerialPort.Default.csproj", "{29790019-3597-4B4B-9CC0-ED5BA52AA8E7}"
EndProject
Global
	GlobalSection(SolutionConfigurationPlatforms) = preSolution
		Debug|Any CPU = Debug|Any CPU
		Release|Any CPU = Release|Any CPU
	EndGlobalSection
	GlobalSection(ProjectConfigurationPlatforms) = postSolution
		{AFF32283-E40B-4521-B784-ADDD2D879A93}.Debug|Any CPU.ActiveCfg = Debug|Any CPU
		{AFF32283-E40B-4521-B784-ADDD2D879A93}.Debug|Any CPU.Build.0 = Debug|Any CPU
		{AFF32283-E40B-4521-B784-ADDD2D879A93}.Release|Any CPU.ActiveCfg = Release|Any CPU
		{AFF32283-E40B-4521-B784-ADDD2D879A93}.Release|Any CPU.Build.0 = Release|Any CPU
		{8C956B3F-11D1-43B1-A155-E59F4EAF954C}.Debug|Any CPU.ActiveCfg = Debug|Any CPU
		{8C956B3F-11D1-43B1-A155-E59F4EAF954C}.Debug|Any CPU.Build.0 = Debug|Any CPU
		{8C956B3F-11D1-43B1-A155-E59F4EAF954C}.Release|Any CPU.ActiveCfg = Release|Any CPU
		{8C956B3F-11D1-43B1-A155-E59F4EAF954C}.Release|Any CPU.Build.0 = Release|Any CPU
		{25E4FE9F-9584-48D3-B15D-994B02DF281A}.Debug|Any CPU.ActiveCfg = Debug|Any CPU
		{25E4FE9F-9584-48D3-B15D-994B02DF281A}.Debug|Any CPU.Build.0 = Debug|Any CPU
		{25E4FE9F-9584-48D3-B15D-994B02DF281A}.Release|Any CPU.ActiveCfg = Release|Any CPU
		{25E4FE9F-9584-48D3-B15D-994B02DF281A}.Release|Any CPU.Build.0 = Release|Any CPU
		{42BD1B2A-015A-4BAF-AAD6-139D0E33FA0F}.Debug|Any CPU.ActiveCfg = Debug|Any CPU
		{42BD1B2A-015A-4BAF-AAD6-139D0E33FA0F}.Debug|Any CPU.Build.0 = Debug|Any CPU
		{42BD1B2A-015A-4BAF-AAD6-139D0E33FA0F}.Release|Any CPU.ActiveCfg = Release|Any CPU
		{42BD1B2A-015A-4BAF-AAD6-139D0E33FA0F}.Release|Any CPU.Build.0 = Release|Any CPU
		{B7E24A73-7625-4AAE-95CD-02EA7605DA4A}.Debug|Any CPU.ActiveCfg = Debug|Any CPU
		{B7E24A73-7625-4AAE-95CD-02EA7605DA4A}.Debug|Any CPU.Build.0 = Debug|Any CPU
		{B7E24A73-7625-4AAE-95CD-02EA7605DA4A}.Debug|Any CPU.Deploy.0 = Debug|Any CPU
		{B7E24A73-7625-4AAE-95CD-02EA7605DA4A}.Release|Any CPU.ActiveCfg = Release|Any CPU
		{B7E24A73-7625-4AAE-95CD-02EA7605DA4A}.Release|Any CPU.Build.0 = Release|Any CPU
		{B7E24A73-7625-4AAE-95CD-02EA7605DA4A}.Release|Any CPU.Deploy.0 = Release|Any CPU
		{260F5250-E851-4D26-A725-41B19D89C225}.Debug|Any CPU.ActiveCfg = Debug|Any CPU
		{260F5250-E851-4D26-A725-41B19D89C225}.Debug|Any CPU.Build.0 = Debug|Any CPU
		{260F5250-E851-4D26-A725-41B19D89C225}.Release|Any CPU.ActiveCfg = Release|Any CPU
		{260F5250-E851-4D26-A725-41B19D89C225}.Release|Any CPU.Build.0 = Release|Any CPU
		{5B96F517-857F-4489-A1E7-32C0A23EAE6A}.Debug|Any CPU.ActiveCfg = Debug|Any CPU
		{5B96F517-857F-4489-A1E7-32C0A23EAE6A}.Debug|Any CPU.Build.0 = Debug|Any CPU
		{5B96F517-857F-4489-A1E7-32C0A23EAE6A}.Release|Any CPU.ActiveCfg = Release|Any CPU
		{5B96F517-857F-4489-A1E7-32C0A23EAE6A}.Release|Any CPU.Build.0 = Release|Any CPU
		{F6442EF7-2F87-4004-B7AE-11ED69709E9B}.Debug|Any CPU.ActiveCfg = Debug|Any CPU
		{F6442EF7-2F87-4004-B7AE-11ED69709E9B}.Debug|Any CPU.Build.0 = Debug|Any CPU
		{F6442EF7-2F87-4004-B7AE-11ED69709E9B}.Release|Any CPU.ActiveCfg = Release|Any CPU
		{F6442EF7-2F87-4004-B7AE-11ED69709E9B}.Release|Any CPU.Build.0 = Release|Any CPU
		{EF635129-DECE-4C0F-822A-64CAFA0BC910}.Debug|Any CPU.ActiveCfg = Debug|Any CPU
		{EF635129-DECE-4C0F-822A-64CAFA0BC910}.Debug|Any CPU.Build.0 = Debug|Any CPU
		{EF635129-DECE-4C0F-822A-64CAFA0BC910}.Release|Any CPU.ActiveCfg = Release|Any CPU
		{EF635129-DECE-4C0F-822A-64CAFA0BC910}.Release|Any CPU.Build.0 = Release|Any CPU
		{FB2408CF-5CD6-4EB2-B848-55C469BAA962}.Debug|Any CPU.ActiveCfg = Debug|Any CPU
		{FB2408CF-5CD6-4EB2-B848-55C469BAA962}.Debug|Any CPU.Build.0 = Debug|Any CPU
		{FB2408CF-5CD6-4EB2-B848-55C469BAA962}.Release|Any CPU.ActiveCfg = Release|Any CPU
		{FB2408CF-5CD6-4EB2-B848-55C469BAA962}.Release|Any CPU.Build.0 = Release|Any CPU
		{29790019-3597-4B4B-9CC0-ED5BA52AA8E7}.Debug|Any CPU.ActiveCfg = Debug|Any CPU
		{29790019-3597-4B4B-9CC0-ED5BA52AA8E7}.Debug|Any CPU.Build.0 = Debug|Any CPU
		{29790019-3597-4B4B-9CC0-ED5BA52AA8E7}.Release|Any CPU.ActiveCfg = Release|Any CPU
		{29790019-3597-4B4B-9CC0-ED5BA52AA8E7}.Release|Any CPU.Build.0 = Release|Any CPU
	EndGlobalSection
	GlobalSection(SolutionProperties) = preSolution
		HideSolutionNode = FALSE
	EndGlobalSection
	GlobalSection(NestedProjects) = preSolution
		{96BFB6B8-F293-4508-8468-19758AA377C0} = {54FCF0DF-26A8-4D09-8B37-D2EBF7C148F7}
		{77E4A60C-9FA6-4002-B437-780A2704EC4E} = {54FCF0DF-26A8-4D09-8B37-D2EBF7C148F7}
		{7A048EA6-D0C0-4A71-8D95-294B8862219C} = {54FCF0DF-26A8-4D09-8B37-D2EBF7C148F7}
		{F04F8722-B23D-4EFA-ACAE-DB20859B4732} = {7BC6576E-5066-4533-8988-F81E9B913044}
		{7D1907BD-7FF3-469C-B6EA-730351AE28CB} = {7BC6576E-5066-4533-8988-F81E9B913044}
		{AFF32283-E40B-4521-B784-ADDD2D879A93} = {F04F8722-B23D-4EFA-ACAE-DB20859B4732}
		{8C956B3F-11D1-43B1-A155-E59F4EAF954C} = {F04F8722-B23D-4EFA-ACAE-DB20859B4732}
		{25E4FE9F-9584-48D3-B15D-994B02DF281A} = {F04F8722-B23D-4EFA-ACAE-DB20859B4732}
		{42BD1B2A-015A-4BAF-AAD6-139D0E33FA0F} = {96BFB6B8-F293-4508-8468-19758AA377C0}
		{B7E24A73-7625-4AAE-95CD-02EA7605DA4A} = {7D1907BD-7FF3-469C-B6EA-730351AE28CB}
		{4E1F80FF-7290-49C3-B5B8-F64013D0B37C} = {96BFB6B8-F293-4508-8468-19758AA377C0}
		{260F5250-E851-4D26-A725-41B19D89C225} = {4E1F80FF-7290-49C3-B5B8-F64013D0B37C}
		{5B96F517-857F-4489-A1E7-32C0A23EAE6A} = {7A048EA6-D0C0-4A71-8D95-294B8862219C}
		{F6442EF7-2F87-4004-B7AE-11ED69709E9B} = {96BFB6B8-F293-4508-8468-19758AA377C0}
		{64680832-6E01-4058-8772-7F8556A9CAFB} = {96BFB6B8-F293-4508-8468-19758AA377C0}
		{3D0D3601-C0A4-4821-9707-E12C8E9BAD9C} = {4E1F80FF-7290-49C3-B5B8-F64013D0B37C}
		{EF635129-DECE-4C0F-822A-64CAFA0BC910} = {3D0D3601-C0A4-4821-9707-E12C8E9BAD9C}
		{FB2408CF-5CD6-4EB2-B848-55C469BAA962} = {3D0D3601-C0A4-4821-9707-E12C8E9BAD9C}
		{29790019-3597-4B4B-9CC0-ED5BA52AA8E7} = {3D0D3601-C0A4-4821-9707-E12C8E9BAD9C}
	EndGlobalSection
	GlobalSection(ExtensibilityGlobals) = postSolution
		SolutionGuid = {55C5B8B2-F2FF-4CD5-9485-27735C8C9742}
	EndGlobalSection
EndGlobal
